
Microsoft Visual Studio Solution File, Format Version 12.00
# Visual Studio Version 17
VisualStudioVersion = 17.7.34031.279
MinimumVisualStudioVersion = 10.0.40219.1
Project("{FAE04EC0-301F-11D3-BF4B-00C04F79EFBC}") = "ConversorDeMoedas", "ConversorDeMoedas\ConversorDeMoedas.csproj", "{D5F0F460-A740-43AD-9D59-7E6811F60522}"
EndProject
Global
	GlobalSection(SolutionConfigurationPlatforms) = preSolution
		Debug|Any CPU = Debug|Any CPU
		Release|Any CPU = Release|Any CPU
	EndGlobalSection
	GlobalSection(ProjectConfigurationPlatforms) = postSolution
		{D5F0F460-A740-43AD-9D59-7E6811F60522}.Debug|Any CPU.ActiveCfg = Debug|Any CPU
		{D5F0F460-A740-43AD-9D59-7E6811F60522}.Debug|Any CPU.Build.0 = Debug|Any CPU
		{D5F0F460-A740-43AD-9D59-7E6811F60522}.Release|Any CPU.ActiveCfg = Release|Any CPU
		{D5F0F460-A740-43AD-9D59-7E6811F60522}.Release|Any CPU.Build.0 = Release|Any CPU
	EndGlobalSection
	GlobalSection(SolutionProperties) = preSolution
		HideSolutionNode = FALSE
	EndGlobalSection
	GlobalSection(ExtensibilityGlobals) = postSolution
		SolutionGuid = {50D8E2F6-1B9A-442B-96D7-9527DD14D6FB}
	EndGlobalSection
EndGlobal
