
Microsoft Visual Studio Solution File, Format Version 12.00
# Visual Studio Version 17
VisualStudioVersion = 17.9.34622.214
MinimumVisualStudioVersion = 10.0.40219.1
Project("{FAE04EC0-301F-11D3-BF4B-00C04F79EFBC}") = "InterfaceIComparable02", "InterfaceIComparable02\InterfaceIComparable02.csproj", "{46A5ABE7-0D99-4A76-9FE0-04CAEF38D97B}"
EndProject
Global
	GlobalSection(SolutionConfigurationPlatforms) = preSolution
		Debug|Any CPU = Debug|Any CPU
		Release|Any CPU = Release|Any CPU
	EndGlobalSection
	GlobalSection(ProjectConfigurationPlatforms) = postSolution
		{46A5ABE7-0D99-4A76-9FE0-04CAEF38D97B}.Debug|Any CPU.ActiveCfg = Debug|Any CPU
		{46A5ABE7-0D99-4A76-9FE0-04CAEF38D97B}.Debug|Any CPU.Build.0 = Debug|Any CPU
		{46A5ABE7-0D99-4A76-9FE0-04CAEF38D97B}.Release|Any CPU.ActiveCfg = Release|Any CPU
		{46A5ABE7-0D99-4A76-9FE0-04CAEF38D97B}.Release|Any CPU.Build.0 = Release|Any CPU
	EndGlobalSection
	GlobalSection(SolutionProperties) = preSolution
		HideSolutionNode = FALSE
	EndGlobalSection
	GlobalSection(ExtensibilityGlobals) = postSolution
		SolutionGuid = {B22EFCB0-208C-4D04-A74D-95EB4F912703}
	EndGlobalSection
EndGlobal
