
Microsoft Visual Studio Solution File, Format Version 12.00
# Visual Studio Version 17
VisualStudioVersion = 17.7.34018.315
MinimumVisualStudioVersion = 10.0.40219.1
Project("{FAE04EC0-301F-11D3-BF4B-00C04F79EFBC}") = "ExercClass02", "ExercClass02\ExercClass02.csproj", "{3DBD8FC7-96AA-4158-8DE6-6237D80A598B}"
EndProject
Global
	GlobalSection(SolutionConfigurationPlatforms) = preSolution
		Debug|Any CPU = Debug|Any CPU
		Release|Any CPU = Release|Any CPU
	EndGlobalSection
	GlobalSection(ProjectConfigurationPlatforms) = postSolution
		{3DBD8FC7-96AA-4158-8DE6-6237D80A598B}.Debug|Any CPU.ActiveCfg = Debug|Any CPU
		{3DBD8FC7-96AA-4158-8DE6-6237D80A598B}.Debug|Any CPU.Build.0 = Debug|Any CPU
		{3DBD8FC7-96AA-4158-8DE6-6237D80A598B}.Release|Any CPU.ActiveCfg = Release|Any CPU
		{3DBD8FC7-96AA-4158-8DE6-6237D80A598B}.Release|Any CPU.Build.0 = Release|Any CPU
	EndGlobalSection
	GlobalSection(SolutionProperties) = preSolution
		HideSolutionNode = FALSE
	EndGlobalSection
	GlobalSection(ExtensibilityGlobals) = postSolution
		SolutionGuid = {0E393BC1-546F-4B5B-BC42-640D9F0C405F}
	EndGlobalSection
EndGlobal
