
Microsoft Visual Studio Solution File, Format Version 12.00
# Visual Studio Version 17
VisualStudioVersion = 17.7.34018.315
MinimumVisualStudioVersion = 10.0.40219.1
Project("{FAE04EC0-301F-11D3-BF4B-00C04F79EFBC}") = "ConversaoImplicitaECasting", "ConversaoImplicitaECasting\ConversaoImplicitaECasting.csproj", "{A8BFCDB6-3251-4EDC-81FF-A090093EC88B}"
EndProject
Global
	GlobalSection(SolutionConfigurationPlatforms) = preSolution
		Debug|Any CPU = Debug|Any CPU
		Release|Any CPU = Release|Any CPU
	EndGlobalSection
	GlobalSection(ProjectConfigurationPlatforms) = postSolution
		{A8BFCDB6-3251-4EDC-81FF-A090093EC88B}.Debug|Any CPU.ActiveCfg = Debug|Any CPU
		{A8BFCDB6-3251-4EDC-81FF-A090093EC88B}.Debug|Any CPU.Build.0 = Debug|Any CPU
		{A8BFCDB6-3251-4EDC-81FF-A090093EC88B}.Release|Any CPU.ActiveCfg = Release|Any CPU
		{A8BFCDB6-3251-4EDC-81FF-A090093EC88B}.Release|Any CPU.Build.0 = Release|Any CPU
	EndGlobalSection
	GlobalSection(SolutionProperties) = preSolution
		HideSolutionNode = FALSE
	EndGlobalSection
	GlobalSection(ExtensibilityGlobals) = postSolution
		SolutionGuid = {F4AF75DE-AE7E-4C9C-A49E-F7D150A8D4C3}
	EndGlobalSection
EndGlobal
