<<<<<<< HEAD
﻿
Microsoft Visual Studio Solution File, Format Version 12.00
# Visual Studio Version 17
VisualStudioVersion = 17.9.34607.119
MinimumVisualStudioVersion = 10.0.40219.1
Project("{FAE04EC0-301F-11D3-BF4B-00C04F79EFBC}") = "DirectoryDirectoryInfo", "DirectoryDirectoryInfo\DirectoryDirectoryInfo.csproj", "{1C46F66D-A50C-4767-9D6C-CD071949F1F6}"
EndProject
Global
	GlobalSection(SolutionConfigurationPlatforms) = preSolution
		Debug|Any CPU = Debug|Any CPU
		Release|Any CPU = Release|Any CPU
	EndGlobalSection
	GlobalSection(ProjectConfigurationPlatforms) = postSolution
		{1C46F66D-A50C-4767-9D6C-CD071949F1F6}.Debug|Any CPU.ActiveCfg = Debug|Any CPU
		{1C46F66D-A50C-4767-9D6C-CD071949F1F6}.Debug|Any CPU.Build.0 = Debug|Any CPU
		{1C46F66D-A50C-4767-9D6C-CD071949F1F6}.Release|Any CPU.ActiveCfg = Release|Any CPU
		{1C46F66D-A50C-4767-9D6C-CD071949F1F6}.Release|Any CPU.Build.0 = Release|Any CPU
	EndGlobalSection
	GlobalSection(SolutionProperties) = preSolution
		HideSolutionNode = FALSE
	EndGlobalSection
	GlobalSection(ExtensibilityGlobals) = postSolution
		SolutionGuid = {D48E1A55-9471-4113-8F78-CB0D4E8E54DD}
	EndGlobalSection
EndGlobal
=======
﻿
Microsoft Visual Studio Solution File, Format Version 12.00
# Visual Studio Version 17
VisualStudioVersion = 17.9.34607.119
MinimumVisualStudioVersion = 10.0.40219.1
Project("{FAE04EC0-301F-11D3-BF4B-00C04F79EFBC}") = "DirectoryDirectoryInfo", "DirectoryDirectoryInfo\DirectoryDirectoryInfo.csproj", "{1C46F66D-A50C-4767-9D6C-CD071949F1F6}"
EndProject
Global
	GlobalSection(SolutionConfigurationPlatforms) = preSolution
		Debug|Any CPU = Debug|Any CPU
		Release|Any CPU = Release|Any CPU
	EndGlobalSection
	GlobalSection(ProjectConfigurationPlatforms) = postSolution
		{1C46F66D-A50C-4767-9D6C-CD071949F1F6}.Debug|Any CPU.ActiveCfg = Debug|Any CPU
		{1C46F66D-A50C-4767-9D6C-CD071949F1F6}.Debug|Any CPU.Build.0 = Debug|Any CPU
		{1C46F66D-A50C-4767-9D6C-CD071949F1F6}.Release|Any CPU.ActiveCfg = Release|Any CPU
		{1C46F66D-A50C-4767-9D6C-CD071949F1F6}.Release|Any CPU.Build.0 = Release|Any CPU
	EndGlobalSection
	GlobalSection(SolutionProperties) = preSolution
		HideSolutionNode = FALSE
	EndGlobalSection
	GlobalSection(ExtensibilityGlobals) = postSolution
		SolutionGuid = {D48E1A55-9471-4113-8F78-CB0D4E8E54DD}
	EndGlobalSection
EndGlobal
>>>>>>> 1ca3199ed7d57dfcdade365a5d625c1855f8c4d0
