
Microsoft Visual Studio Solution File, Format Version 12.00
# Visual Studio Version 17
VisualStudioVersion = 17.9.34622.214
MinimumVisualStudioVersion = 10.0.40219.1
Project("{FAE04EC0-301F-11D3-BF4B-00C04F79EFBC}") = "ExercicioResolvidoConjuntos02", "ExercicioResolvidoConjuntos02\ExercicioResolvidoConjuntos02.csproj", "{3A0FD86A-F0F6-4C7C-8F08-6B8B6DDDF99C}"
EndProject
Global
	GlobalSection(SolutionConfigurationPlatforms) = preSolution
		Debug|Any CPU = Debug|Any CPU
		Release|Any CPU = Release|Any CPU
	EndGlobalSection
	GlobalSection(ProjectConfigurationPlatforms) = postSolution
		{3A0FD86A-F0F6-4C7C-8F08-6B8B6DDDF99C}.Debug|Any CPU.ActiveCfg = Debug|Any CPU
		{3A0FD86A-F0F6-4C7C-8F08-6B8B6DDDF99C}.Debug|Any CPU.Build.0 = Debug|Any CPU
		{3A0FD86A-F0F6-4C7C-8F08-6B8B6DDDF99C}.Release|Any CPU.ActiveCfg = Release|Any CPU
		{3A0FD86A-F0F6-4C7C-8F08-6B8B6DDDF99C}.Release|Any CPU.Build.0 = Release|Any CPU
	EndGlobalSection
	GlobalSection(SolutionProperties) = preSolution
		HideSolutionNode = FALSE
	EndGlobalSection
	GlobalSection(ExtensibilityGlobals) = postSolution
		SolutionGuid = {F18C8947-60CD-48A3-B79E-679A221A07C9}
	EndGlobalSection
EndGlobal
