<<<<<<< HEAD
﻿
Microsoft Visual Studio Solution File, Format Version 12.00
# Visual Studio Version 17
VisualStudioVersion = 17.9.34622.214
MinimumVisualStudioVersion = 10.0.40219.1
Project("{FAE04EC0-301F-11D3-BF4B-00C04F79EFBC}") = "HerancaMultiplaEOProblema", "HerancaMultiplaEOProblema\HerancaMultiplaEOProblema.csproj", "{DB2A8D37-2DDF-4D7B-B4C4-E83F5B7E637E}"
EndProject
Global
	GlobalSection(SolutionConfigurationPlatforms) = preSolution
		Debug|Any CPU = Debug|Any CPU
		Release|Any CPU = Release|Any CPU
	EndGlobalSection
	GlobalSection(ProjectConfigurationPlatforms) = postSolution
		{DB2A8D37-2DDF-4D7B-B4C4-E83F5B7E637E}.Debug|Any CPU.ActiveCfg = Debug|Any CPU
		{DB2A8D37-2DDF-4D7B-B4C4-E83F5B7E637E}.Debug|Any CPU.Build.0 = Debug|Any CPU
		{DB2A8D37-2DDF-4D7B-B4C4-E83F5B7E637E}.Release|Any CPU.ActiveCfg = Release|Any CPU
		{DB2A8D37-2DDF-4D7B-B4C4-E83F5B7E637E}.Release|Any CPU.Build.0 = Release|Any CPU
	EndGlobalSection
	GlobalSection(SolutionProperties) = preSolution
		HideSolutionNode = FALSE
	EndGlobalSection
	GlobalSection(ExtensibilityGlobals) = postSolution
		SolutionGuid = {D8D5C949-07CB-4C3D-ADB5-AD1FCE153312}
	EndGlobalSection
EndGlobal
=======
﻿
Microsoft Visual Studio Solution File, Format Version 12.00
# Visual Studio Version 17
VisualStudioVersion = 17.9.34622.214
MinimumVisualStudioVersion = 10.0.40219.1
Project("{FAE04EC0-301F-11D3-BF4B-00C04F79EFBC}") = "HerancaMultiplaEOProblema", "HerancaMultiplaEOProblema\HerancaMultiplaEOProblema.csproj", "{DB2A8D37-2DDF-4D7B-B4C4-E83F5B7E637E}"
EndProject
Global
	GlobalSection(SolutionConfigurationPlatforms) = preSolution
		Debug|Any CPU = Debug|Any CPU
		Release|Any CPU = Release|Any CPU
	EndGlobalSection
	GlobalSection(ProjectConfigurationPlatforms) = postSolution
		{DB2A8D37-2DDF-4D7B-B4C4-E83F5B7E637E}.Debug|Any CPU.ActiveCfg = Debug|Any CPU
		{DB2A8D37-2DDF-4D7B-B4C4-E83F5B7E637E}.Debug|Any CPU.Build.0 = Debug|Any CPU
		{DB2A8D37-2DDF-4D7B-B4C4-E83F5B7E637E}.Release|Any CPU.ActiveCfg = Release|Any CPU
		{DB2A8D37-2DDF-4D7B-B4C4-E83F5B7E637E}.Release|Any CPU.Build.0 = Release|Any CPU
	EndGlobalSection
	GlobalSection(SolutionProperties) = preSolution
		HideSolutionNode = FALSE
	EndGlobalSection
	GlobalSection(ExtensibilityGlobals) = postSolution
		SolutionGuid = {D8D5C949-07CB-4C3D-ADB5-AD1FCE153312}
	EndGlobalSection
EndGlobal
>>>>>>> 1ca3199ed7d57dfcdade365a5d625c1855f8c4d0
