
Microsoft Visual Studio Solution File, Format Version 12.00
# Visual Studio Version 17
VisualStudioVersion = 17.7.34221.43
MinimumVisualStudioVersion = 10.0.40219.1
Project("{FAE04EC0-301F-11D3-BF4B-00C04F79EFBC}") = "SwitchCase", "SwitchCase\SwitchCase.csproj", "{C181450B-F7A9-41EC-AFF7-A29EEA4D5DEC}"
EndProject
Global
	GlobalSection(SolutionConfigurationPlatforms) = preSolution
		Debug|Any CPU = Debug|Any CPU
		Release|Any CPU = Release|Any CPU
	EndGlobalSection
	GlobalSection(ProjectConfigurationPlatforms) = postSolution
		{C181450B-F7A9-41EC-AFF7-A29EEA4D5DEC}.Debug|Any CPU.ActiveCfg = Debug|Any CPU
		{C181450B-F7A9-41EC-AFF7-A29EEA4D5DEC}.Debug|Any CPU.Build.0 = Debug|Any CPU
		{C181450B-F7A9-41EC-AFF7-A29EEA4D5DEC}.Release|Any CPU.ActiveCfg = Release|Any CPU
		{C181450B-F7A9-41EC-AFF7-A29EEA4D5DEC}.Release|Any CPU.Build.0 = Release|Any CPU
	EndGlobalSection
	GlobalSection(SolutionProperties) = preSolution
		HideSolutionNode = FALSE
	EndGlobalSection
	GlobalSection(ExtensibilityGlobals) = postSolution
		SolutionGuid = {EB2566AF-BFBA-4E9B-BF27-BCF12B3E5EA6}
	EndGlobalSection
EndGlobal
