
Microsoft Visual Studio Solution File, Format Version 12.00
# Visual Studio Version 17
VisualStudioVersion = 17.7.34031.279
MinimumVisualStudioVersion = 10.0.40219.1
Project("{FAE04EC0-301F-11D3-BF4B-00C04F79EFBC}") = "ModParamsRefOut", "ModParamsRefOut\ModParamsRefOut.csproj", "{D821BCA0-32FF-4AB1-9EAB-DC532F9711CC}"
EndProject
Global
	GlobalSection(SolutionConfigurationPlatforms) = preSolution
		Debug|Any CPU = Debug|Any CPU
		Release|Any CPU = Release|Any CPU
	EndGlobalSection
	GlobalSection(ProjectConfigurationPlatforms) = postSolution
		{D821BCA0-32FF-4AB1-9EAB-DC532F9711CC}.Debug|Any CPU.ActiveCfg = Debug|Any CPU
		{D821BCA0-32FF-4AB1-9EAB-DC532F9711CC}.Debug|Any CPU.Build.0 = Debug|Any CPU
		{D821BCA0-32FF-4AB1-9EAB-DC532F9711CC}.Release|Any CPU.ActiveCfg = Release|Any CPU
		{D821BCA0-32FF-4AB1-9EAB-DC532F9711CC}.Release|Any CPU.Build.0 = Release|Any CPU
	EndGlobalSection
	GlobalSection(SolutionProperties) = preSolution
		HideSolutionNode = FALSE
	EndGlobalSection
	GlobalSection(ExtensibilityGlobals) = postSolution
		SolutionGuid = {25E22A27-FF79-4388-B711-64C3846B1532}
	EndGlobalSection
EndGlobal
