
Microsoft Visual Studio Solution File, Format Version 12.00
# Visual Studio Version 17
VisualStudioVersion = 17.7.34018.315
MinimumVisualStudioVersion = 10.0.40219.1
Project("{FAE04EC0-301F-11D3-BF4B-00C04F79EFBC}") = "ExercicioDeFixacao", "ExercicioDeFixacao\ExercicioDeFixacao.csproj", "{27E883DE-0701-487E-B9D0-665211776488}"
EndProject
Global
	GlobalSection(SolutionConfigurationPlatforms) = preSolution
		Debug|Any CPU = Debug|Any CPU
		Release|Any CPU = Release|Any CPU
	EndGlobalSection
	GlobalSection(ProjectConfigurationPlatforms) = postSolution
		{27E883DE-0701-487E-B9D0-665211776488}.Debug|Any CPU.ActiveCfg = Debug|Any CPU
		{27E883DE-0701-487E-B9D0-665211776488}.Debug|Any CPU.Build.0 = Debug|Any CPU
		{27E883DE-0701-487E-B9D0-665211776488}.Release|Any CPU.ActiveCfg = Release|Any CPU
		{27E883DE-0701-487E-B9D0-665211776488}.Release|Any CPU.Build.0 = Release|Any CPU
	EndGlobalSection
	GlobalSection(SolutionProperties) = preSolution
		HideSolutionNode = FALSE
	EndGlobalSection
	GlobalSection(ExtensibilityGlobals) = postSolution
		SolutionGuid = {20EB2C84-D9FD-45C3-B665-2635E4945DA5}
	EndGlobalSection
EndGlobal
