
Microsoft Visual Studio Solution File, Format Version 12.00
# Visual Studio Version 17
VisualStudioVersion = 17.7.34018.315
MinimumVisualStudioVersion = 10.0.40219.1
Project("{FAE04EC0-301F-11D3-BF4B-00C04F79EFBC}") = "ExercClasses3", "ExercClasses3\ExercClasses3.csproj", "{A513EA73-35B9-4DDB-AEAA-AB409A72A66D}"
EndProject
Global
	GlobalSection(SolutionConfigurationPlatforms) = preSolution
		Debug|Any CPU = Debug|Any CPU
		Release|Any CPU = Release|Any CPU
	EndGlobalSection
	GlobalSection(ProjectConfigurationPlatforms) = postSolution
		{A513EA73-35B9-4DDB-AEAA-AB409A72A66D}.Debug|Any CPU.ActiveCfg = Debug|Any CPU
		{A513EA73-35B9-4DDB-AEAA-AB409A72A66D}.Debug|Any CPU.Build.0 = Debug|Any CPU
		{A513EA73-35B9-4DDB-AEAA-AB409A72A66D}.Release|Any CPU.ActiveCfg = Release|Any CPU
		{A513EA73-35B9-4DDB-AEAA-AB409A72A66D}.Release|Any CPU.Build.0 = Release|Any CPU
	EndGlobalSection
	GlobalSection(SolutionProperties) = preSolution
		HideSolutionNode = FALSE
	EndGlobalSection
	GlobalSection(ExtensibilityGlobals) = postSolution
		SolutionGuid = {B51B150E-35C2-47D2-8F0D-1AC5C20A79AF}
	EndGlobalSection
EndGlobal
