
Microsoft Visual Studio Solution File, Format Version 12.00
# Visual Studio Version 17
VisualStudioVersion = 17.7.34031.279
MinimumVisualStudioVersion = 10.0.40219.1
Project("{FAE04EC0-301F-11D3-BF4B-00C04F79EFBC}") = "Properties", "Properties\Properties.csproj", "{A6F4E47E-39DC-403B-87CB-57EA7ABB86CF}"
EndProject
Global
	GlobalSection(SolutionConfigurationPlatforms) = preSolution
		Debug|Any CPU = Debug|Any CPU
		Release|Any CPU = Release|Any CPU
	EndGlobalSection
	GlobalSection(ProjectConfigurationPlatforms) = postSolution
		{A6F4E47E-39DC-403B-87CB-57EA7ABB86CF}.Debug|Any CPU.ActiveCfg = Debug|Any CPU
		{A6F4E47E-39DC-403B-87CB-57EA7ABB86CF}.Debug|Any CPU.Build.0 = Debug|Any CPU
		{A6F4E47E-39DC-403B-87CB-57EA7ABB86CF}.Release|Any CPU.ActiveCfg = Release|Any CPU
		{A6F4E47E-39DC-403B-87CB-57EA7ABB86CF}.Release|Any CPU.Build.0 = Release|Any CPU
	EndGlobalSection
	GlobalSection(SolutionProperties) = preSolution
		HideSolutionNode = FALSE
	EndGlobalSection
	GlobalSection(ExtensibilityGlobals) = postSolution
		SolutionGuid = {FDFFDDC4-9527-4805-B428-DAD03929D89C}
	EndGlobalSection
EndGlobal
