
Microsoft Visual Studio Solution File, Format Version 12.00
# Visual Studio Version 17
VisualStudioVersion = 17.7.34031.279
MinimumVisualStudioVersion = 10.0.40219.1
Project("{FAE04EC0-301F-11D3-BF4B-00C04F79EFBC}") = "Construtores", "Construtores\Construtores.csproj", "{81784795-8377-4FB2-8DEA-BFEDF474EEDB}"
EndProject
Global
	GlobalSection(SolutionConfigurationPlatforms) = preSolution
		Debug|Any CPU = Debug|Any CPU
		Release|Any CPU = Release|Any CPU
	EndGlobalSection
	GlobalSection(ProjectConfigurationPlatforms) = postSolution
		{81784795-8377-4FB2-8DEA-BFEDF474EEDB}.Debug|Any CPU.ActiveCfg = Debug|Any CPU
		{81784795-8377-4FB2-8DEA-BFEDF474EEDB}.Debug|Any CPU.Build.0 = Debug|Any CPU
		{81784795-8377-4FB2-8DEA-BFEDF474EEDB}.Release|Any CPU.ActiveCfg = Release|Any CPU
		{81784795-8377-4FB2-8DEA-BFEDF474EEDB}.Release|Any CPU.Build.0 = Release|Any CPU
	EndGlobalSection
	GlobalSection(SolutionProperties) = preSolution
		HideSolutionNode = FALSE
	EndGlobalSection
	GlobalSection(ExtensibilityGlobals) = postSolution
		SolutionGuid = {87657B41-BF52-490B-AE35-944D60E5C3D0}
	EndGlobalSection
EndGlobal
