
Microsoft Visual Studio Solution File, Format Version 12.00
# Visual Studio Version 17
VisualStudioVersion = 17.7.34221.43
MinimumVisualStudioVersion = 10.0.40219.1
Project("{FAE04EC0-301F-11D3-BF4B-00C04F79EFBC}") = "TimeSpanStruct", "TimeSpanStruct\TimeSpanStruct.csproj", "{0428DFD1-F554-47CF-AE8B-8F6D2E58170B}"
EndProject
Global
	GlobalSection(SolutionConfigurationPlatforms) = preSolution
		Debug|Any CPU = Debug|Any CPU
		Release|Any CPU = Release|Any CPU
	EndGlobalSection
	GlobalSection(ProjectConfigurationPlatforms) = postSolution
		{0428DFD1-F554-47CF-AE8B-8F6D2E58170B}.Debug|Any CPU.ActiveCfg = Debug|Any CPU
		{0428DFD1-F554-47CF-AE8B-8F6D2E58170B}.Debug|Any CPU.Build.0 = Debug|Any CPU
		{0428DFD1-F554-47CF-AE8B-8F6D2E58170B}.Release|Any CPU.ActiveCfg = Release|Any CPU
		{0428DFD1-F554-47CF-AE8B-8F6D2E58170B}.Release|Any CPU.Build.0 = Release|Any CPU
	EndGlobalSection
	GlobalSection(SolutionProperties) = preSolution
		HideSolutionNode = FALSE
	EndGlobalSection
	GlobalSection(ExtensibilityGlobals) = postSolution
		SolutionGuid = {DAAF9C18-4290-4B6C-BCF3-FDACA59701D0}
	EndGlobalSection
EndGlobal
