
Microsoft Visual Studio Solution File, Format Version 12.00
# Visual Studio Version 17
VisualStudioVersion = 17.8.34408.163
MinimumVisualStudioVersion = 10.0.40219.1
Project("{FAE04EC0-301F-11D3-BF4B-00C04F79EFBC}") = "Heranca", "Heranca\Heranca.csproj", "{5026662B-AF18-4A42-A5CE-234DD7C79A31}"
EndProject
Global
	GlobalSection(SolutionConfigurationPlatforms) = preSolution
		Debug|Any CPU = Debug|Any CPU
		Release|Any CPU = Release|Any CPU
	EndGlobalSection
	GlobalSection(ProjectConfigurationPlatforms) = postSolution
		{5026662B-AF18-4A42-A5CE-234DD7C79A31}.Debug|Any CPU.ActiveCfg = Debug|Any CPU
		{5026662B-AF18-4A42-A5CE-234DD7C79A31}.Debug|Any CPU.Build.0 = Debug|Any CPU
		{5026662B-AF18-4A42-A5CE-234DD7C79A31}.Release|Any CPU.ActiveCfg = Release|Any CPU
		{5026662B-AF18-4A42-A5CE-234DD7C79A31}.Release|Any CPU.Build.0 = Release|Any CPU
	EndGlobalSection
	GlobalSection(SolutionProperties) = preSolution
		HideSolutionNode = FALSE
	EndGlobalSection
	GlobalSection(ExtensibilityGlobals) = postSolution
		SolutionGuid = {16DB0B77-9F43-43A4-8432-A6EECDF162C3}
	EndGlobalSection
EndGlobal
