<<<<<<< HEAD
﻿
Microsoft Visual Studio Solution File, Format Version 12.00
# Visual Studio Version 17
VisualStudioVersion = 17.9.34607.119
MinimumVisualStudioVersion = 10.0.40219.1
Project("{FAE04EC0-301F-11D3-BF4B-00C04F79EFBC}") = "ExcecoesPersonalizadas02", "ExcecoesPersonalizadas02\ExcecoesPersonalizadas02.csproj", "{9C1C5AAA-A4BB-40A4-BAA4-864F6DEF031C}"
EndProject
Global
	GlobalSection(SolutionConfigurationPlatforms) = preSolution
		Debug|Any CPU = Debug|Any CPU
		Release|Any CPU = Release|Any CPU
	EndGlobalSection
	GlobalSection(ProjectConfigurationPlatforms) = postSolution
		{9C1C5AAA-A4BB-40A4-BAA4-864F6DEF031C}.Debug|Any CPU.ActiveCfg = Debug|Any CPU
		{9C1C5AAA-A4BB-40A4-BAA4-864F6DEF031C}.Debug|Any CPU.Build.0 = Debug|Any CPU
		{9C1C5AAA-A4BB-40A4-BAA4-864F6DEF031C}.Release|Any CPU.ActiveCfg = Release|Any CPU
		{9C1C5AAA-A4BB-40A4-BAA4-864F6DEF031C}.Release|Any CPU.Build.0 = Release|Any CPU
	EndGlobalSection
	GlobalSection(SolutionProperties) = preSolution
		HideSolutionNode = FALSE
	EndGlobalSection
	GlobalSection(ExtensibilityGlobals) = postSolution
		SolutionGuid = {8F6A0073-6D55-4DEC-97DD-654829A900C4}
	EndGlobalSection
EndGlobal
=======
﻿
Microsoft Visual Studio Solution File, Format Version 12.00
# Visual Studio Version 17
VisualStudioVersion = 17.9.34607.119
MinimumVisualStudioVersion = 10.0.40219.1
Project("{FAE04EC0-301F-11D3-BF4B-00C04F79EFBC}") = "ExcecoesPersonalizadas02", "ExcecoesPersonalizadas02\ExcecoesPersonalizadas02.csproj", "{9C1C5AAA-A4BB-40A4-BAA4-864F6DEF031C}"
EndProject
Global
	GlobalSection(SolutionConfigurationPlatforms) = preSolution
		Debug|Any CPU = Debug|Any CPU
		Release|Any CPU = Release|Any CPU
	EndGlobalSection
	GlobalSection(ProjectConfigurationPlatforms) = postSolution
		{9C1C5AAA-A4BB-40A4-BAA4-864F6DEF031C}.Debug|Any CPU.ActiveCfg = Debug|Any CPU
		{9C1C5AAA-A4BB-40A4-BAA4-864F6DEF031C}.Debug|Any CPU.Build.0 = Debug|Any CPU
		{9C1C5AAA-A4BB-40A4-BAA4-864F6DEF031C}.Release|Any CPU.ActiveCfg = Release|Any CPU
		{9C1C5AAA-A4BB-40A4-BAA4-864F6DEF031C}.Release|Any CPU.Build.0 = Release|Any CPU
	EndGlobalSection
	GlobalSection(SolutionProperties) = preSolution
		HideSolutionNode = FALSE
	EndGlobalSection
	GlobalSection(ExtensibilityGlobals) = postSolution
		SolutionGuid = {8F6A0073-6D55-4DEC-97DD-654829A900C4}
	EndGlobalSection
EndGlobal
>>>>>>> 1ca3199ed7d57dfcdade365a5d625c1855f8c4d0
