
Microsoft Visual Studio Solution File, Format Version 12.00
# Visual Studio Version 17
VisualStudioVersion = 17.9.34622.214
MinimumVisualStudioVersion = 10.0.40219.1
Project("{FAE04EC0-301F-11D3-BF4B-00C04F79EFBC}") = "ExercicioInterface", "ExercicioInterface\ExercicioInterface.csproj", "{DFABB740-2ED3-4BF8-82DA-A934C0A5BAE0}"
EndProject
Global
	GlobalSection(SolutionConfigurationPlatforms) = preSolution
		Debug|Any CPU = Debug|Any CPU
		Release|Any CPU = Release|Any CPU
	EndGlobalSection
	GlobalSection(ProjectConfigurationPlatforms) = postSolution
		{DFABB740-2ED3-4BF8-82DA-A934C0A5BAE0}.Debug|Any CPU.ActiveCfg = Debug|Any CPU
		{DFABB740-2ED3-4BF8-82DA-A934C0A5BAE0}.Debug|Any CPU.Build.0 = Debug|Any CPU
		{DFABB740-2ED3-4BF8-82DA-A934C0A5BAE0}.Release|Any CPU.ActiveCfg = Release|Any CPU
		{DFABB740-2ED3-4BF8-82DA-A934C0A5BAE0}.Release|Any CPU.Build.0 = Release|Any CPU
	EndGlobalSection
	GlobalSection(SolutionProperties) = preSolution
		HideSolutionNode = FALSE
	EndGlobalSection
	GlobalSection(ExtensibilityGlobals) = postSolution
		SolutionGuid = {87A615EE-7366-46AD-89C5-B568E1C879F0}
	EndGlobalSection
EndGlobal
