
Microsoft Visual Studio Solution File, Format Version 12.00
# Visual Studio Version 17
VisualStudioVersion = 17.7.34031.279
MinimumVisualStudioVersion = 10.0.40219.1
Project("{FAE04EC0-301F-11D3-BF4B-00C04F79EFBC}") = "Vetores", "Vetores\Vetores.csproj", "{4247B6AC-6AEB-4E11-8CFD-BF923C8F4EB3}"
EndProject
Global
	GlobalSection(SolutionConfigurationPlatforms) = preSolution
		Debug|Any CPU = Debug|Any CPU
		Release|Any CPU = Release|Any CPU
	EndGlobalSection
	GlobalSection(ProjectConfigurationPlatforms) = postSolution
		{4247B6AC-6AEB-4E11-8CFD-BF923C8F4EB3}.Debug|Any CPU.ActiveCfg = Debug|Any CPU
		{4247B6AC-6AEB-4E11-8CFD-BF923C8F4EB3}.Debug|Any CPU.Build.0 = Debug|Any CPU
		{4247B6AC-6AEB-4E11-8CFD-BF923C8F4EB3}.Release|Any CPU.ActiveCfg = Release|Any CPU
		{4247B6AC-6AEB-4E11-8CFD-BF923C8F4EB3}.Release|Any CPU.Build.0 = Release|Any CPU
	EndGlobalSection
	GlobalSection(SolutionProperties) = preSolution
		HideSolutionNode = FALSE
	EndGlobalSection
	GlobalSection(ExtensibilityGlobals) = postSolution
		SolutionGuid = {3C8B2DA3-33D0-4660-BD1F-D0F7DF47C540}
	EndGlobalSection
EndGlobal
